
Microsoft Visual Studio Solution File, Format Version 12.00
# Visual Studio Version 16
VisualStudioVersion = 16.0.30621.155
MinimumVisualStudioVersion = 10.0.40219.1
Project("{FAE04EC0-301F-11D3-BF4B-00C04F79EFBC}") = "JogoDaVelhaAPS", "JogoDaVelhaAPS.csproj", "{B2799027-993F-415F-B1DD-F6F72EB4464B}"
EndProject
Global
	GlobalSection(SolutionConfigurationPlatforms) = preSolution
		Debug|Any CPU = Debug|Any CPU
		Release|Any CPU = Release|Any CPU
	EndGlobalSection
	GlobalSection(ProjectConfigurationPlatforms) = postSolution
		{B2799027-993F-415F-B1DD-F6F72EB4464B}.Debug|Any CPU.ActiveCfg = Debug|Any CPU
		{B2799027-993F-415F-B1DD-F6F72EB4464B}.Debug|Any CPU.Build.0 = Debug|Any CPU
		{B2799027-993F-415F-B1DD-F6F72EB4464B}.Release|Any CPU.ActiveCfg = Release|Any CPU
		{B2799027-993F-415F-B1DD-F6F72EB4464B}.Release|Any CPU.Build.0 = Release|Any CPU
	EndGlobalSection
	GlobalSection(SolutionProperties) = preSolution
		HideSolutionNode = FALSE
	EndGlobalSection
	GlobalSection(ExtensibilityGlobals) = postSolution
		SolutionGuid = {79BAD869-E746-45B3-BA10-A0665810D435}
	EndGlobalSection
EndGlobal
